// !$*UTF8*$!
{
	archiveVersion = 1;
	classes = {
	};
	objectVersion = 56;
	objects = {

/* Begin PBXBuildFile section */
		1B2BAA3329A630A900CD6630 /* AppDelegate.swift in Sources */ = {isa = PBXBuildFile; fileRef = 1B2BAA3229A630A900CD6630 /* AppDelegate.swift */; };
		1B2BAA3929A630AA00CD6630 /* GameScene.swift in Sources */ = {isa = PBXBuildFile; fileRef = 1B2BAA3829A630AA00CD6630 /* GameScene.swift */; };
		1B2BAA3B29A630AA00CD6630 /* GameViewController.swift in Sources */ = {isa = PBXBuildFile; fileRef = 1B2BAA3A29A630AA00CD6630 /* GameViewController.swift */; };
		1B2BAA3E29A630AA00CD6630 /* Main.storyboard in Resources */ = {isa = PBXBuildFile; fileRef = 1B2BAA3C29A630AA00CD6630 /* Main.storyboard */; };
		1B2BAA4029A630AC00CD6630 /* Assets.xcassets in Resources */ = {isa = PBXBuildFile; fileRef = 1B2BAA3F29A630AC00CD6630 /* Assets.xcassets */; };
		1B2BAA4329A630AC00CD6630 /* LaunchScreen.storyboard in Resources */ = {isa = PBXBuildFile; fileRef = 1B2BAA4129A630AC00CD6630 /* LaunchScreen.storyboard */; };
		1B2BAA4A29A64CBF00CD6630 /* MyUtils.swift in Sources */ = {isa = PBXBuildFile; fileRef = 1B2BAA4929A64CBF00CD6630 /* MyUtils.swift */; };
		1B2BAA5029A6698100CD6630 /* hitCatLady.wav in Resources */ = {isa = PBXBuildFile; fileRef = 1B2BAA4B29A6698000CD6630 /* hitCatLady.wav */; };
		1B2BAA5129A6698100CD6630 /* hitCat.wav in Resources */ = {isa = PBXBuildFile; fileRef = 1B2BAA4C29A6698000CD6630 /* hitCat.wav */; };
		1B2BAA5229A6698100CD6630 /* backgroundMusic.mp3 in Resources */ = {isa = PBXBuildFile; fileRef = 1B2BAA4D29A6698000CD6630 /* backgroundMusic.mp3 */; };
		1B2BAA5329A6698100CD6630 /* lose.wav in Resources */ = {isa = PBXBuildFile; fileRef = 1B2BAA4E29A6698000CD6630 /* lose.wav */; };
		1B2BAA5429A6698100CD6630 /* win.wav in Resources */ = {isa = PBXBuildFile; fileRef = 1B2BAA4F29A6698000CD6630 /* win.wav */; };
		1B2BAA5629A66E5300CD6630 /* GameOverScene.swift in Sources */ = {isa = PBXBuildFile; fileRef = 1B2BAA5529A66E5300CD6630 /* GameOverScene.swift */; };
/* End PBXBuildFile section */

/* Begin PBXFileReference section */
		1B2BAA2F29A630A900CD6630 /* Zombie Conga Game.app */ = {isa = PBXFileReference; explicitFileType = wrapper.application; includeInIndex = 0; path = "Zombie Conga Game.app"; sourceTree = BUILT_PRODUCTS_DIR; };
		1B2BAA3229A630A900CD6630 /* AppDelegate.swift */ = {isa = PBXFileReference; lastKnownFileType = sourcecode.swift; path = AppDelegate.swift; sourceTree = "<group>"; };
		1B2BAA3829A630AA00CD6630 /* GameScene.swift */ = {isa = PBXFileReference; lastKnownFileType = sourcecode.swift; path = GameScene.swift; sourceTree = "<group>"; };
		1B2BAA3A29A630AA00CD6630 /* GameViewController.swift */ = {isa = PBXFileReference; lastKnownFileType = sourcecode.swift; path = GameViewController.swift; sourceTree = "<group>"; };
		1B2BAA3D29A630AA00CD6630 /* Base */ = {isa = PBXFileReference; lastKnownFileType = file.storyboard; name = Base; path = Base.lproj/Main.storyboard; sourceTree = "<group>"; };
		1B2BAA3F29A630AC00CD6630 /* Assets.xcassets */ = {isa = PBXFileReference; lastKnownFileType = folder.assetcatalog; path = Assets.xcassets; sourceTree = "<group>"; };
		1B2BAA4229A630AC00CD6630 /* Base */ = {isa = PBXFileReference; lastKnownFileType = file.storyboard; name = Base; path = Base.lproj/LaunchScreen.storyboard; sourceTree = "<group>"; };
		1B2BAA4929A64CBF00CD6630 /* MyUtils.swift */ = {isa = PBXFileReference; lastKnownFileType = sourcecode.swift; path = MyUtils.swift; sourceTree = "<group>"; };
		1B2BAA4B29A6698000CD6630 /* hitCatLady.wav */ = {isa = PBXFileReference; lastKnownFileType = audio.wav; path = hitCatLady.wav; sourceTree = "<group>"; };
		1B2BAA4C29A6698000CD6630 /* hitCat.wav */ = {isa = PBXFileReference; lastKnownFileType = audio.wav; path = hitCat.wav; sourceTree = "<group>"; };
		1B2BAA4D29A6698000CD6630 /* backgroundMusic.mp3 */ = {isa = PBXFileReference; lastKnownFileType = audio.mp3; path = backgroundMusic.mp3; sourceTree = "<group>"; };
		1B2BAA4E29A6698000CD6630 /* lose.wav */ = {isa = PBXFileReference; lastKnownFileType = audio.wav; path = lose.wav; sourceTree = "<group>"; };
		1B2BAA4F29A6698000CD6630 /* win.wav */ = {isa = PBXFileReference; lastKnownFileType = audio.wav; path = win.wav; sourceTree = "<group>"; };
		1B2BAA5529A66E5300CD6630 /* GameOverScene.swift */ = {isa = PBXFileReference; lastKnownFileType = sourcecode.swift; path = GameOverScene.swift; sourceTree = "<group>"; };
/* End PBXFileReference section */

/* Begin PBXFrameworksBuildPhase section */
		1B2BAA2C29A630A900CD6630 /* Frameworks */ = {
			isa = PBXFrameworksBuildPhase;
			buildActionMask = 2147483647;
			files = (
			);
			runOnlyForDeploymentPostprocessing = 0;
		};
/* End PBXFrameworksBuildPhase section */

/* Begin PBXGroup section */
		1B2BAA2629A630A900CD6630 = {
			isa = PBXGroup;
			children = (
				1B2BAA3129A630A900CD6630 /* Zombie Conga Game */,
				1B2BAA3029A630A900CD6630 /* Products */,
			);
			sourceTree = "<group>";
		};
		1B2BAA3029A630A900CD6630 /* Products */ = {
			isa = PBXGroup;
			children = (
				1B2BAA2F29A630A900CD6630 /* Zombie Conga Game.app */,
			);
			name = Products;
			sourceTree = "<group>";
		};
		1B2BAA3129A630A900CD6630 /* Zombie Conga Game */ = {
			isa = PBXGroup;
			children = (
				1B2BAA3229A630A900CD6630 /* AppDelegate.swift */,
				1B2BAA4929A64CBF00CD6630 /* MyUtils.swift */,
				1B2BAA3829A630AA00CD6630 /* GameScene.swift */,
				1B2BAA3A29A630AA00CD6630 /* GameViewController.swift */,
				1B2BAA5529A66E5300CD6630 /* GameOverScene.swift */,
				1B2BAA4D29A6698000CD6630 /* backgroundMusic.mp3 */,
				1B2BAA4C29A6698000CD6630 /* hitCat.wav */,
				1B2BAA4B29A6698000CD6630 /* hitCatLady.wav */,
				1B2BAA4E29A6698000CD6630 /* lose.wav */,
				1B2BAA4F29A6698000CD6630 /* win.wav */,
				1B2BAA3C29A630AA00CD6630 /* Main.storyboard */,
				1B2BAA3F29A630AC00CD6630 /* Assets.xcassets */,
				1B2BAA4129A630AC00CD6630 /* LaunchScreen.storyboard */,
			);
			path = "Zombie Conga Game";
			sourceTree = "<group>";
		};
/* End PBXGroup section */

/* Begin PBXNativeTarget section */
		1B2BAA2E29A630A900CD6630 /* Zombie Conga Game */ = {
			isa = PBXNativeTarget;
			buildConfigurationList = 1B2BAA4629A630AC00CD6630 /* Build configuration list for PBXNativeTarget "Zombie Conga Game" */;
			buildPhases = (
				1B2BAA2B29A630A900CD6630 /* Sources */,
				1B2BAA2C29A630A900CD6630 /* Frameworks */,
				1B2BAA2D29A630A900CD6630 /* Resources */,
			);
			buildRules = (
			);
			dependencies = (
			);
			name = "Zombie Conga Game";
			productName = "Zombie Conga Game";
			productReference = 1B2BAA2F29A630A900CD6630 /* Zombie Conga Game.app */;
			productType = "com.apple.product-type.application";
		};
/* End PBXNativeTarget section */

/* Begin PBXProject section */
		1B2BAA2729A630A900CD6630 /* Project object */ = {
			isa = PBXProject;
			attributes = {
				BuildIndependentTargetsInParallel = 1;
				LastSwiftUpdateCheck = 1420;
				LastUpgradeCheck = 1420;
				TargetAttributes = {
					1B2BAA2E29A630A900CD6630 = {
						CreatedOnToolsVersion = 14.2;
					};
				};
			};
			buildConfigurationList = 1B2BAA2A29A630A900CD6630 /* Build configuration list for PBXProject "Zombie Conga Game" */;
			compatibilityVersion = "Xcode 14.0";
			developmentRegion = en;
			hasScannedForEncodings = 0;
			knownRegions = (
				en,
				Base,
			);
			mainGroup = 1B2BAA2629A630A900CD6630;
			productRefGroup = 1B2BAA3029A630A900CD6630 /* Products */;
			projectDirPath = "";
			projectRoot = "";
			targets = (
				1B2BAA2E29A630A900CD6630 /* Zombie Conga Game */,
			);
		};
/* End PBXProject section */

/* Begin PBXResourcesBuildPhase section */
		1B2BAA2D29A630A900CD6630 /* Resources */ = {
			isa = PBXResourcesBuildPhase;
			buildActionMask = 2147483647;
			files = (
				1B2BAA3E29A630AA00CD6630 /* Main.storyboard in Resources */,
				1B2BAA5429A6698100CD6630 /* win.wav in Resources */,
				1B2BAA5129A6698100CD6630 /* hitCat.wav in Resources */,
				1B2BAA5229A6698100CD6630 /* backgroundMusic.mp3 in Resources */,
				1B2BAA5329A6698100CD6630 /* lose.wav in Resources */,
				1B2BAA5029A6698100CD6630 /* hitCatLady.wav in Resources */,
				1B2BAA4029A630AC00CD6630 /* Assets.xcassets in Resources */,
				1B2BAA4329A630AC00CD6630 /* LaunchScreen.storyboard in Resources */,
			);
			runOnlyForDeploymentPostprocessing = 0;
		};
/* End PBXResourcesBuildPhase section */

/* Begin PBXSourcesBuildPhase section */
		1B2BAA2B29A630A900CD6630 /* Sources */ = {
			isa = PBXSourcesBuildPhase;
			buildActionMask = 2147483647;
			files = (
				1B2BAA5629A66E5300CD6630 /* GameOverScene.swift in Sources */,
				1B2BAA3929A630AA00CD6630 /* GameScene.swift in Sources */,
				1B2BAA3B29A630AA00CD6630 /* GameViewController.swift in Sources */,
				1B2BAA3329A630A900CD6630 /* AppDelegate.swift in Sources */,
				1B2BAA4A29A64CBF00CD6630 /* MyUtils.swift in Sources */,
			);
			runOnlyForDeploymentPostprocessing = 0;
		};
/* End PBXSourcesBuildPhase section */

/* Begin PBXVariantGroup section */
		1B2BAA3C29A630AA00CD6630 /* Main.storyboard */ = {
			isa = PBXVariantGroup;
			children = (
				1B2BAA3D29A630AA00CD6630 /* Base */,
			);
			name = Main.storyboard;
			sourceTree = "<group>";
		};
		1B2BAA4129A630AC00CD6630 /* LaunchScreen.storyboard */ = {
			isa = PBXVariantGroup;
			children = (
				1B2BAA4229A630AC00CD6630 /* Base */,
			);
			name = LaunchScreen.storyboard;
			sourceTree = "<group>";
		};
/* End PBXVariantGroup section */

/* Begin XCBuildConfiguration section */
		1B2BAA4429A630AC00CD6630 /* Debug */ = {
			isa = XCBuildConfiguration;
			buildSettings = {
				ALWAYS_SEARCH_USER_PATHS = NO;
				CLANG_ANALYZER_NONNULL = YES;
				CLANG_ANALYZER_NUMBER_OBJECT_CONVERSION = YES_AGGRESSIVE;
				CLANG_CXX_LANGUAGE_STANDARD = "gnu++20";
				CLANG_ENABLE_MODULES = YES;
				CLANG_ENABLE_OBJC_ARC = YES;
				CLANG_ENABLE_OBJC_WEAK = YES;
				CLANG_WARN_BLOCK_CAPTURE_AUTORELEASING = YES;
				CLANG_WARN_BOOL_CONVERSION = YES;
				CLANG_WARN_COMMA = YES;
				CLANG_WARN_CONSTANT_CONVERSION = YES;
				CLANG_WARN_DEPRECATED_OBJC_IMPLEMENTATIONS = YES;
				CLANG_WARN_DIRECT_OBJC_ISA_USAGE = YES_ERROR;
				CLANG_WARN_DOCUMENTATION_COMMENTS = YES;
				CLANG_WARN_EMPTY_BODY = YES;
				CLANG_WARN_ENUM_CONVERSION = YES;
				CLANG_WARN_INFINITE_RECURSION = YES;
				CLANG_WARN_INT_CONVERSION = YES;
				CLANG_WARN_NON_LITERAL_NULL_CONVERSION = YES;
				CLANG_WARN_OBJC_IMPLICIT_RETAIN_SELF = YES;
				CLANG_WARN_OBJC_LITERAL_CONVERSION = YES;
				CLANG_WARN_OBJC_ROOT_CLASS = YES_ERROR;
				CLANG_WARN_QUOTED_INCLUDE_IN_FRAMEWORK_HEADER = YES;
				CLANG_WARN_RANGE_LOOP_ANALYSIS = YES;
				CLANG_WARN_STRICT_PROTOTYPES = YES;
				CLANG_WARN_SUSPICIOUS_MOVE = YES;
				CLANG_WARN_UNGUARDED_AVAILABILITY = YES_AGGRESSIVE;
				CLANG_WARN_UNREACHABLE_CODE = YES;
				CLANG_WARN__DUPLICATE_METHOD_MATCH = YES;
				COPY_PHASE_STRIP = NO;
				DEBUG_INFORMATION_FORMAT = dwarf;
				ENABLE_STRICT_OBJC_MSGSEND = YES;
				ENABLE_TESTABILITY = YES;
				GCC_C_LANGUAGE_STANDARD = gnu11;
				GCC_DYNAMIC_NO_PIC = NO;
				GCC_NO_COMMON_BLOCKS = YES;
				GCC_OPTIMIZATION_LEVEL = 0;
				GCC_PREPROCESSOR_DEFINITIONS = (
					"DEBUG=1",
					"$(inherited)",
				);
				GCC_WARN_64_TO_32_BIT_CONVERSION = YES;
				GCC_WARN_ABOUT_RETURN_TYPE = YES_ERROR;
				GCC_WARN_UNDECLARED_SELECTOR = YES;
				GCC_WARN_UNINITIALIZED_AUTOS = YES_AGGRESSIVE;
				GCC_WARN_UNUSED_FUNCTION = YES;
				GCC_WARN_UNUSED_VARIABLE = YES;
				IPHONEOS_DEPLOYMENT_TARGET = 16.2;
				MTL_ENABLE_DEBUG_INFO = INCLUDE_SOURCE;
				MTL_FAST_MATH = YES;
				ONLY_ACTIVE_ARCH = YES;
				SDKROOT = iphoneos;
				SWIFT_ACTIVE_COMPILATION_CONDITIONS = DEBUG;
				SWIFT_OPTIMIZATION_LEVEL = "-Onone";
			};
			name = Debug;
		};
		1B2BAA4529A630AC00CD6630 /* Release */ = {
			isa = XCBuildConfiguration;
			buildSettings = {
				ALWAYS_SEARCH_USER_PATHS = NO;
				CLANG_ANALYZER_NONNULL = YES;
				CLANG_ANALYZER_NUMBER_OBJECT_CONVERSION = YES_AGGRESSIVE;
				CLANG_CXX_LANGUAGE_STANDARD = "gnu++20";
				CLANG_ENABLE_MODULES = YES;
				CLANG_ENABLE_OBJC_ARC = YES;
				CLANG_ENABLE_OBJC_WEAK = YES;
				CLANG_WARN_BLOCK_CAPTURE_AUTORELEASING = YES;
				CLANG_WARN_BOOL_CONVERSION = YES;
				CLANG_WARN_COMMA = YES;
				CLANG_WARN_CONSTANT_CONVERSION = YES;
				CLANG_WARN_DEPRECATED_OBJC_IMPLEMENTATIONS = YES;
				CLANG_WARN_DIRECT_OBJC_ISA_USAGE = YES_ERROR;
				CLANG_WARN_DOCUMENTATION_COMMENTS = YES;
				CLANG_WARN_EMPTY_BODY = YES;
				CLANG_WARN_ENUM_CONVERSION = YES;
				CLANG_WARN_INFINITE_RECURSION = YES;
				CLANG_WARN_INT_CONVERSION = YES;
				CLANG_WARN_NON_LITERAL_NULL_CONVERSION = YES;
				CLANG_WARN_OBJC_IMPLICIT_RETAIN_SELF = YES;
				CLANG_WARN_OBJC_LITERAL_CONVERSION = YES;
				CLANG_WARN_OBJC_ROOT_CLASS = YES_ERROR;
				CLANG_WARN_QUOTED_INCLUDE_IN_FRAMEWORK_HEADER = YES;
				CLANG_WARN_RANGE_LOOP_ANALYSIS = YES;
				CLANG_WARN_STRICT_PROTOTYPES = YES;
				CLANG_WARN_SUSPICIOUS_MOVE = YES;
				CLANG_WARN_UNGUARDED_AVAILABILITY = YES_AGGRESSIVE;
				CLANG_WARN_UNREACHABLE_CODE = YES;
				CLANG_WARN__DUPLICATE_METHOD_MATCH = YES;
				COPY_PHASE_STRIP = NO;
				DEBUG_INFORMATION_FORMAT = "dwarf-with-dsym";
				ENABLE_NS_ASSERTIONS = NO;
				ENABLE_STRICT_OBJC_MSGSEND = YES;
				GCC_C_LANGUAGE_STANDARD = gnu11;
				GCC_NO_COMMON_BLOCKS = YES;
				GCC_WARN_64_TO_32_BIT_CONVERSION = YES;
				GCC_WARN_ABOUT_RETURN_TYPE = YES_ERROR;
				GCC_WARN_UNDECLARED_SELECTOR = YES;
				GCC_WARN_UNINITIALIZED_AUTOS = YES_AGGRESSIVE;
				GCC_WARN_UNUSED_FUNCTION = YES;
				GCC_WARN_UNUSED_VARIABLE = YES;
				IPHONEOS_DEPLOYMENT_TARGET = 16.2;
				MTL_ENABLE_DEBUG_INFO = NO;
				MTL_FAST_MATH = YES;
				SDKROOT = iphoneos;
				SWIFT_COMPILATION_MODE = wholemodule;
				SWIFT_OPTIMIZATION_LEVEL = "-O";
				VALIDATE_PRODUCT = YES;
			};
			name = Release;
		};
		1B2BAA4729A630AC00CD6630 /* Debug */ = {
			isa = XCBuildConfiguration;
			buildSettings = {
				ASSETCATALOG_COMPILER_APPICON_NAME = AppIcon;
				ASSETCATALOG_COMPILER_GLOBAL_ACCENT_COLOR_NAME = AccentColor;
				CODE_SIGN_STYLE = Automatic;
				CURRENT_PROJECT_VERSION = 1;
				GENERATE_INFOPLIST_FILE = YES;
				INFOPLIST_KEY_UIApplicationSupportsIndirectInputEvents = YES;
				INFOPLIST_KEY_UILaunchStoryboardName = LaunchScreen;
				INFOPLIST_KEY_UIMainStoryboardFile = Main;
				INFOPLIST_KEY_UIStatusBarHidden = YES;
				INFOPLIST_KEY_UISupportedInterfaceOrientations = "UIInterfaceOrientationLandscapeLeft UIInterfaceOrientationLandscapeRight";
				LD_RUNPATH_SEARCH_PATHS = (
					"$(inherited)",
					"@executable_path/Frameworks",
				);
				MARKETING_VERSION = 1.0;
				PRODUCT_BUNDLE_IDENTIFIER = "Daria-Pyvovar.Zombie-Conga-Game";
				PRODUCT_NAME = "$(TARGET_NAME)";
				SWIFT_EMIT_LOC_STRINGS = YES;
				SWIFT_VERSION = 5.0;
				TARGETED_DEVICE_FAMILY = "1,2";
			};
			name = Debug;
		};
		1B2BAA4829A630AC00CD6630 /* Release */ = {
			isa = XCBuildConfiguration;
			buildSettings = {
				ASSETCATALOG_COMPILER_APPICON_NAME = AppIcon;
				ASSETCATALOG_COMPILER_GLOBAL_ACCENT_COLOR_NAME = AccentColor;
				CODE_SIGN_STYLE = Automatic;
				CURRENT_PROJECT_VERSION = 1;
				GENERATE_INFOPLIST_FILE = YES;
				INFOPLIST_KEY_UIApplicationSupportsIndirectInputEvents = YES;
				INFOPLIST_KEY_UILaunchStoryboardName = LaunchScreen;
				INFOPLIST_KEY_UIMainStoryboardFile = Main;
				INFOPLIST_KEY_UIStatusBarHidden = YES;
				INFOPLIST_KEY_UISupportedInterfaceOrientations = "UIInterfaceOrientationLandscapeLeft UIInterfaceOrientationLandscapeRight";
				LD_RUNPATH_SEARCH_PATHS = (
					"$(inherited)",
					"@executable_path/Frameworks",
				);
				MARKETING_VERSION = 1.0;
				PRODUCT_BUNDLE_IDENTIFIER = "Daria-Pyvovar.Zombie-Conga-Game";
				PRODUCT_NAME = "$(TARGET_NAME)";
				SWIFT_EMIT_LOC_STRINGS = YES;
				SWIFT_VERSION = 5.0;
				TARGETED_DEVICE_FAMILY = "1,2";
			};
			name = Release;
		};
/* End XCBuildConfiguration section */

/* Begin XCConfigurationList section */
		1B2BAA2A29A630A900CD6630 /* Build configuration list for PBXProject "Zombie Conga Game" */ = {
			isa = XCConfigurationList;
			buildConfigurations = (
				1B2BAA4429A630AC00CD6630 /* Debug */,
				1B2BAA4529A630AC00CD6630 /* Release */,
			);
			defaultConfigurationIsVisible = 0;
			defaultConfigurationName = Release;
		};
		1B2BAA4629A630AC00CD6630 /* Build configuration list for PBXNativeTarget "Zombie Conga Game" */ = {
			isa = XCConfigurationList;
			buildConfigurations = (
				1B2BAA4729A630AC00CD6630 /* Debug */,
				1B2BAA4829A630AC00CD6630 /* Release */,
			);
			defaultConfigurationIsVisible = 0;
			defaultConfigurationName = Release;
		};
/* End XCConfigurationList section */
	};
	rootObject = 1B2BAA2729A630A900CD6630 /* Project object */;
}
